
Microsoft Visual Studio Solution File, Format Version 12.00
# Visual Studio Version 17
VisualStudioVersion = 17.12.35527.113
MinimumVisualStudioVersion = 10.0.40219.1
Project("{FAE04EC0-301F-11D3-BF4B-00C04F79EFBC}") = "WindowsFormsApp1_241213", "WindowsFormsApp1_241213\WindowsFormsApp1_241213.csproj", "{B3911FF5-EDE2-40C4-A5FE-6A2734046751}"
EndProject
Project("{FAE04EC0-301F-11D3-BF4B-00C04F79EFBC}") = "WindowsFormsApp1_241213_test1", "WindowsFormsApp1_241213_test1\WindowsFormsApp1_241213_test1.csproj", "{9E3E48F7-3C4F-43EF-A420-EC1676AE320D}"
EndProject
Global
	GlobalSection(SolutionConfigurationPlatforms) = preSolution
		Debug|Any CPU = Debug|Any CPU
		Release|Any CPU = Release|Any CPU
	EndGlobalSection
	GlobalSection(ProjectConfigurationPlatforms) = postSolution
		{B3911FF5-EDE2-40C4-A5FE-6A2734046751}.Debug|Any CPU.ActiveCfg = Debug|Any CPU
		{B3911FF5-EDE2-40C4-A5FE-6A2734046751}.Debug|Any CPU.Build.0 = Debug|Any CPU
		{B3911FF5-EDE2-40C4-A5FE-6A2734046751}.Release|Any CPU.ActiveCfg = Release|Any CPU
		{B3911FF5-EDE2-40C4-A5FE-6A2734046751}.Release|Any CPU.Build.0 = Release|Any CPU
		{9E3E48F7-3C4F-43EF-A420-EC1676AE320D}.Debug|Any CPU.ActiveCfg = Debug|Any CPU
		{9E3E48F7-3C4F-43EF-A420-EC1676AE320D}.Debug|Any CPU.Build.0 = Debug|Any CPU
		{9E3E48F7-3C4F-43EF-A420-EC1676AE320D}.Release|Any CPU.ActiveCfg = Release|Any CPU
		{9E3E48F7-3C4F-43EF-A420-EC1676AE320D}.Release|Any CPU.Build.0 = Release|Any CPU
	EndGlobalSection
	GlobalSection(SolutionProperties) = preSolution
		HideSolutionNode = FALSE
	EndGlobalSection
EndGlobal
